{
  "version": 4,
  "terraform_version": "1.9.5",
  "serial": 7,
  "lineage": "4a1007d1-5aff-1464-2c6b-385f81f5d24c",
  "outputs": {
    "public_ip": {
      "value": "44.212.65.254",
      "type": "string"
    }
  },
  "resources": [
    {
      "mode": "managed",
      "type": "aws_instance",
      "name": "Jenkins",
      "provider": "provider[\"registry.terraform.io/hashicorp/aws\"]",
      "instances": [
        {
          "schema_version": 1,
          "attributes": {
            "ami": "ami-0e86e20dae9224db8",
            "arn": "arn:aws:ec2:us-east-1:992382778486:instance/i-08c910507e2872c06",
            "associate_public_ip_address": true,
            "availability_zone": "us-east-1a",
            "capacity_reservation_specification": [
              {
                "capacity_reservation_preference": "open",
                "capacity_reservation_target": []
              }
            ],
            "cpu_core_count": 1,
            "cpu_options": [
              {
                "amd_sev_snp": "",
                "core_count": 1,
                "threads_per_core": 2
              }
            ],
            "cpu_threads_per_core": 2,
            "credit_specification": [
              {
                "cpu_credits": "unlimited"
              }
            ],
            "disable_api_stop": false,
            "disable_api_termination": false,
            "ebs_block_device": [],
            "ebs_optimized": false,
            "enclave_options": [
              {
                "enabled": false
              }
            ],
            "ephemeral_block_device": [],
            "get_password_data": false,
            "hibernation": false,
            "host_id": "",
            "host_resource_group_arn": null,
            "iam_instance_profile": "",
            "id": "i-08c910507e2872c06",
            "instance_initiated_shutdown_behavior": "terminate",
            "instance_lifecycle": "",
            "instance_market_options": [],
            "instance_state": "running",
            "instance_type": "t3.medium",
            "ipv6_address_count": 0,
            "ipv6_addresses": [],
            "key_name": "Jenkins-key",
            "launch_template": [],
            "maintenance_options": [
              {
                "auto_recovery": "default"
              }
            ],
            "metadata_options": [
              {
                "http_endpoint": "enabled",
                "http_protocol_ipv6": "disabled",
                "http_put_response_hop_limit": 2,
                "http_tokens": "required",
                "instance_metadata_tags": "disabled"
              }
            ],
            "monitoring": false,
            "network_interface": [],
            "outpost_arn": "",
            "password_data": "",
            "placement_group": "",
            "placement_partition_number": 0,
            "primary_network_interface_id": "eni-043ad95ccdaebf5f4",
            "private_dns": "ip-172-31-81-30.ec2.internal",
            "private_dns_name_options": [
              {
                "enable_resource_name_dns_a_record": false,
                "enable_resource_name_dns_aaaa_record": false,
                "hostname_type": "ip-name"
              }
            ],
            "private_ip": "172.31.81.30",
            "public_dns": "ec2-44-212-65-254.compute-1.amazonaws.com",
            "public_ip": "44.212.65.254",
            "root_block_device": [
              {
                "delete_on_termination": true,
                "device_name": "/dev/sda1",
                "encrypted": false,
                "iops": 3000,
                "kms_key_id": "",
                "tags": {},
                "tags_all": {},
                "throughput": 125,
                "volume_id": "vol-06e8e26419fd1704a",
                "volume_size": 8,
                "volume_type": "gp3"
              }
            ],
            "secondary_private_ips": [],
            "security_groups": [
              "default"
            ],
            "source_dest_check": true,
            "spot_instance_request_id": "",
            "subnet_id": "subnet-00d53fedf05be5097",
            "tags": {
              "Name": "Jenkins-server"
            },
            "tags_all": {
              "Name": "Jenkins-server"
            },
            "tenancy": "default",
            "timeouts": null,
            "user_data": "60cd2fcc17073f180ff8f0dea2353f766b8f3963",
            "user_data_base64": null,
            "user_data_replace_on_change": false,
            "volume_tags": null,
            "vpc_security_group_ids": [
              "sg-003a6a5fccfed40c1"
            ]
          },
          "sensitive_attributes": [],
          "private": "eyJlMmJmYjczMC1lY2FhLTExZTYtOGY4OC0zNDM2M2JjN2M0YzAiOnsiY3JlYXRlIjo2MDAwMDAwMDAwMDAsImRlbGV0ZSI6MTIwMDAwMDAwMDAwMCwicmVhZCI6OTAwMDAwMDAwMDAwLCJ1cGRhdGUiOjYwMDAwMDAwMDAwMH0sInNjaGVtYV92ZXJzaW9uIjoiMSJ9",
          "dependencies": [
            "aws_key_pair.Jenkins-key"
          ]
        }
      ]
    },
    {
      "mode": "managed",
      "type": "aws_key_pair",
      "name": "Jenkins-key",
      "provider": "provider[\"registry.terraform.io/hashicorp/aws\"]",
      "instances": [
        {
          "schema_version": 1,
          "attributes": {
            "arn": "arn:aws:ec2:us-east-1:992382778486:key-pair/Jenkins-key",
            "fingerprint": "58:1d:e5:21:b9:ea:19:99:c0:5f:62:39:16:03:49:68",
            "id": "Jenkins-key",
            "key_name": "Jenkins-key",
            "key_name_prefix": "",
            "key_pair_id": "key-0692dd4b1560c93a0",
            "key_type": "rsa",
            "public_key": "ssh-rsa AAAAB3NzaC1yc2EAAAADAQABAAABgQDBnUAw5MpLcqiUY6mjWM2Lg1MqJCIg5A49uzmaVH3+xzAyAYBfjNTmJsNfBpDCOafASKHBheJ420JSlD7aaZNjDtLXCjyXQgu3j4ScRzoN3Jl+ZEXTjDHVBxRf3MEi95xRwD6Dcdll2LzIXcngaWoeN1M35yP0On/+bP+ftVzuuwGDgo+PF82adow/WO7ksKTNVfCXUKNSoOJQF20+mSp/xB7Wtdcz39cixmQ3wsamx0Jb67CkeAvMlg1Ywn4/s1IkHOsBC9QeHbqTfSR89qSvTZRNbr4J9t6vsHLnLy4//c/krK5izwb/cTdbqYxYn+AVNvektZ/cGeXAZKf0VyjK2Ii1qPw77/MgVx2xCFQfTKPnkBYKdvwtJvBrnTjLLB4LvbX+6//kkFo5pgQQNuhS3EnZlg3oUEQWKScgHKd0oi/byebVbijswNbvaVNEObeJ1f7XpqN7uRsktEL/GzaNBgpfa/87+9eMmvenyfnAfjeRP8lQeitNG6j7jPWCE1U= SIDDHU@MBVS",
            "tags": {},
            "tags_all": {}
          },
          "sensitive_attributes": [],
          "private": "eyJzY2hlbWFfdmVyc2lvbiI6IjEifQ=="
        }
      ]
    }
  ],
  "check_results": null
}
